
Microsoft Visual Studio Solution File, Format Version 12.00
# Visual Studio 15
VisualStudioVersion = 15.0.28307.572
MinimumVisualStudioVersion = 10.0.40219.1
Project("{FAE04EC0-301F-11D3-BF4B-00C04F79EFBC}") = "BIL", "OOP2Lab2\BIL.csproj", "{4F09D282-C603-4E6D-9835-F13712A12F8A}"
EndProject
Project("{FAE04EC0-301F-11D3-BF4B-00C04F79EFBC}") = "Console", "Console\Console.csproj", "{E398537F-2BD8-4E0C-A7A6-0CF028EADDD4}"
EndProject
Project("{FAE04EC0-301F-11D3-BF4B-00C04F79EFBC}") = "UnitTest", "UnitTest\UnitTest.csproj", "{8C2D24BC-9287-4B62-A35B-F24248095464}"
EndProject
Global
	GlobalSection(SolutionConfigurationPlatforms) = preSolution
		Debug|Any CPU = Debug|Any CPU
		Release|Any CPU = Release|Any CPU
	EndGlobalSection
	GlobalSection(ProjectConfigurationPlatforms) = postSolution
		{4F09D282-C603-4E6D-9835-F13712A12F8A}.Debug|Any CPU.ActiveCfg = Debug|Any CPU
		{4F09D282-C603-4E6D-9835-F13712A12F8A}.Debug|Any CPU.Build.0 = Debug|Any CPU
		{4F09D282-C603-4E6D-9835-F13712A12F8A}.Release|Any CPU.ActiveCfg = Release|Any CPU
		{4F09D282-C603-4E6D-9835-F13712A12F8A}.Release|Any CPU.Build.0 = Release|Any CPU
		{E398537F-2BD8-4E0C-A7A6-0CF028EADDD4}.Debug|Any CPU.ActiveCfg = Debug|Any CPU
		{E398537F-2BD8-4E0C-A7A6-0CF028EADDD4}.Debug|Any CPU.Build.0 = Debug|Any CPU
		{E398537F-2BD8-4E0C-A7A6-0CF028EADDD4}.Release|Any CPU.ActiveCfg = Release|Any CPU
		{E398537F-2BD8-4E0C-A7A6-0CF028EADDD4}.Release|Any CPU.Build.0 = Release|Any CPU
		{8C2D24BC-9287-4B62-A35B-F24248095464}.Debug|Any CPU.ActiveCfg = Debug|Any CPU
		{8C2D24BC-9287-4B62-A35B-F24248095464}.Debug|Any CPU.Build.0 = Debug|Any CPU
		{8C2D24BC-9287-4B62-A35B-F24248095464}.Release|Any CPU.ActiveCfg = Release|Any CPU
		{8C2D24BC-9287-4B62-A35B-F24248095464}.Release|Any CPU.Build.0 = Release|Any CPU
	EndGlobalSection
	GlobalSection(SolutionProperties) = preSolution
		HideSolutionNode = FALSE
	EndGlobalSection
	GlobalSection(ExtensibilityGlobals) = postSolution
		SolutionGuid = {F22B2318-8EB8-414D-9B22-8A2631D8429F}
	EndGlobalSection
EndGlobal
